
Microsoft Visual Studio Solution File, Format Version 12.00
# Visual Studio 15
VisualStudioVersion = 15.0.26430.6
MinimumVisualStudioVersion = 10.0.40219.1
Project("{FAE04EC0-301F-11D3-BF4B-00C04F79EFBC}") = "UnitTestDemoTest", "UnitTestDemoTest\UnitTestDemoTest.csproj", "{2A07211A-4E54-4095-B976-55334C89C484}"
EndProject
Project("{FAE04EC0-301F-11D3-BF4B-00C04F79EFBC}") = "UnitTestDemoTestTests", "UnitTestDemoTestTests\UnitTestDemoTestTests.csproj", "{6C1D06C0-D972-4374-835F-C224E40F43AE}"
EndProject
Global
	GlobalSection(SolutionConfigurationPlatforms) = preSolution
		Debug|Any CPU = Debug|Any CPU
		Release|Any CPU = Release|Any CPU
	EndGlobalSection
	GlobalSection(ProjectConfigurationPlatforms) = postSolution
		{2A07211A-4E54-4095-B976-55334C89C484}.Debug|Any CPU.ActiveCfg = Debug|Any CPU
		{2A07211A-4E54-4095-B976-55334C89C484}.Debug|Any CPU.Build.0 = Debug|Any CPU
		{2A07211A-4E54-4095-B976-55334C89C484}.Release|Any CPU.ActiveCfg = Release|Any CPU
		{2A07211A-4E54-4095-B976-55334C89C484}.Release|Any CPU.Build.0 = Release|Any CPU
		{6C1D06C0-D972-4374-835F-C224E40F43AE}.Debug|Any CPU.ActiveCfg = Debug|Any CPU
		{6C1D06C0-D972-4374-835F-C224E40F43AE}.Debug|Any CPU.Build.0 = Debug|Any CPU
		{6C1D06C0-D972-4374-835F-C224E40F43AE}.Release|Any CPU.ActiveCfg = Release|Any CPU
		{6C1D06C0-D972-4374-835F-C224E40F43AE}.Release|Any CPU.Build.0 = Release|Any CPU
	EndGlobalSection
	GlobalSection(SolutionProperties) = preSolution
		HideSolutionNode = FALSE
	EndGlobalSection
EndGlobal
